
Microsoft Visual Studio Solution File, Format Version 12.00
# Visual Studio Version 16
VisualStudioVersion = 16.0.30503.244
MinimumVisualStudioVersion = 10.0.40219.1
Project("{F184B08F-C81C-45F6-A57F-5ABD9991F28F}") = "TestApp2", "TestApp2\TestApp2.vbproj", "{A81C4364-98A6-4726-A308-DF182CA012C0}"
EndProject
Global
	GlobalSection(SolutionConfigurationPlatforms) = preSolution
		Debug|Any CPU = Debug|Any CPU
		Release|Any CPU = Release|Any CPU
	EndGlobalSection
	GlobalSection(ProjectConfigurationPlatforms) = postSolution
		{A81C4364-98A6-4726-A308-DF182CA012C0}.Debug|Any CPU.ActiveCfg = Debug|Any CPU
		{A81C4364-98A6-4726-A308-DF182CA012C0}.Debug|Any CPU.Build.0 = Debug|Any CPU
		{A81C4364-98A6-4726-A308-DF182CA012C0}.Release|Any CPU.ActiveCfg = Release|Any CPU
		{A81C4364-98A6-4726-A308-DF182CA012C0}.Release|Any CPU.Build.0 = Release|Any CPU
	EndGlobalSection
	GlobalSection(SolutionProperties) = preSolution
		HideSolutionNode = FALSE
	EndGlobalSection
	GlobalSection(ExtensibilityGlobals) = postSolution
		SolutionGuid = {39D04520-D261-48D9-BDB2-BC0E58AD205B}
	EndGlobalSection
EndGlobal
